
Microsoft Visual Studio Solution File, Format Version 12.00
# Visual Studio Version 17
VisualStudioVersion = 17.4.33213.308
MinimumVisualStudioVersion = 10.0.40219.1
Project("{FAE04EC0-301F-11D3-BF4B-00C04F79EFBC}") = "login Table", "login Table.csproj", "{D5990A62-E42C-4333-BBE6-BF6C0037C50D}"
EndProject
Global
	GlobalSection(SolutionConfigurationPlatforms) = preSolution
		Debug|Any CPU = Debug|Any CPU
		Release|Any CPU = Release|Any CPU
	EndGlobalSection
	GlobalSection(ProjectConfigurationPlatforms) = postSolution
		{D5990A62-E42C-4333-BBE6-BF6C0037C50D}.Debug|Any CPU.ActiveCfg = Debug|Any CPU
		{D5990A62-E42C-4333-BBE6-BF6C0037C50D}.Debug|Any CPU.Build.0 = Debug|Any CPU
		{D5990A62-E42C-4333-BBE6-BF6C0037C50D}.Release|Any CPU.ActiveCfg = Release|Any CPU
		{D5990A62-E42C-4333-BBE6-BF6C0037C50D}.Release|Any CPU.Build.0 = Release|Any CPU
	EndGlobalSection
	GlobalSection(SolutionProperties) = preSolution
		HideSolutionNode = FALSE
	EndGlobalSection
	GlobalSection(ExtensibilityGlobals) = postSolution
		SolutionGuid = {94EFE03A-0CB5-49F5-9530-5CB3BAF4479A}
	EndGlobalSection
EndGlobal
